[[package]]
name = "asgiref"
version = "3.5.2"
description = "ASGI specs, helper code, and adapters"
category = "main"
optional = false
python-versions = ">=3.7"

[package.dependencies]
typing-extensions = {version = "*", markers = "python_version < \"3.8\""}

[package.extras]
tests = ["pytest", "pytest-asyncio", "mypy (>=0.800)"]

[[package]]
name = "babel"
version = "2.9.1"
description = "Internationalization utilities"
category = "main"
optional = false
python-versions = ">=2.7, !=3.0.*, !=3.1.*, !=3.2.*, !=3.3.*"

[package.dependencies]
pytz = ">=2015.7"

[[package]]
name = "certifi"
version = "2022.5.18.1"
description = "Python package for providing Mozilla's CA Bundle."
category = "main"
optional = false
python-versions = ">=3.6"

[[package]]
name = "charset-normalizer"
version = "2.0.12"
description = "The Real First Universal Charset Detector. Open, modern and actively maintained alternative to Chardet."
category = "main"
optional = false
python-versions = ">=3.5.0"

[package.extras]
unicode_backport = ["unicodedata2"]

[[package]]
name = "django"
version = "3.2.13"
description = "A high-level Python Web framework that encourages rapid development and clean, pragmatic design."
category = "main"
optional = false
python-versions = ">=3.6"

[package.dependencies]
asgiref = ">=3.3.2,<4"
pytz = "*"
sqlparse = ">=0.2.2"

[package.extras]
argon2 = ["argon2-cffi (>=19.1.0)"]
bcrypt = ["bcrypt"]

[[package]]
name = "django-cors-headers"
version = "3.10.0"
description = "django-cors-headers is a Django application for handling the server headers required for Cross-Origin Resource Sharing (CORS)."
category = "main"
optional = false
python-versions = ">=3.6"

[package.dependencies]
Django = ">=2.2"

[[package]]
name = "django-environ"
version = "0.8.1"
description = "A package that allows you to utilize 12factor inspired environment variables to configure your Django application."
category = "main"
optional = false
python-versions = ">=3.4,<4"

[package.extras]
develop = ["coverage[toml] (>=5.0a4)", "pytest (>=4.6.11)", "furo (>=2021.8.17b43,<2021.9.0)", "sphinx (>=3.5.0)", "sphinx-notfound-page"]
docs = ["furo (>=2021.8.17b43,<2021.9.0)", "sphinx (>=3.5.0)", "sphinx-notfound-page"]
testing = ["coverage[toml] (>=5.0a4)", "pytest (>=4.6.11)"]

[[package]]
name = "django-filter"
version = "21.1"
description = "Django-filter is a reusable Django application for allowing users to filter querysets dynamically."
category = "main"
optional = false
python-versions = ">=3.6"

[package.dependencies]
Django = ">=2.2"

[[package]]
name = "djangorestframework"
version = "3.12.4"
description = "Web APIs for Django, made easy."
category = "main"
optional = false
python-versions = ">=3.5"

[package.dependencies]
django = ">=2.2"

[[package]]
name = "docx-mailmerge"
version = "0.5.0"
description = "Performs a Mail Merge on docx (Microsoft Office Word) files"
category = "main"
optional = false
python-versions = "*"

[package.dependencies]
lxml = "*"

[[package]]
name = "docxcompose"
version = "1.3.4"
description = "Compose .docx documents"
category = "main"
optional = false
python-versions = "*"

[package.dependencies]
lxml = "*"
python-docx = ">=0.8.8"
six = "*"

[package.extras]
test = ["pytest"]
tests = ["pytest"]

[[package]]
name = "docxtpl"
version = "0.14.2"
description = "Python docx template engine"
category = "main"
optional = false
python-versions = "*"

[package.dependencies]
docxcompose = "*"
jinja2 = "*"
lxml = "*"
python-docx = "*"
six = "*"

[package.extras]
docs = ["sphinx", "sphinxcontrib-napoleon"]

[[package]]
name = "idna"
version = "3.3"
description = "Internationalized Domain Names in Applications (IDNA)"
category = "main"
optional = false
python-versions = ">=3.5"

[[package]]
name = "jinja2"
version = "3.0.3"
description = "A very fast and expressive template engine."
category = "main"
optional = false
python-versions = ">=3.6"

[package.dependencies]
MarkupSafe = ">=2.0"

[package.extras]
i18n = ["Babel (>=2.7)"]

[[package]]
name = "jsonpath"
version = "0.82"
description = "An XPath for JSON"
category = "main"
optional = false
python-versions = "*"

[[package]]
name = "lxml"
version = "4.8.0"
description = "Powerful and Pythonic XML processing library combining libxml2/libxslt with the ElementTree API."
category = "main"
optional = false
python-versions = ">=2.7, !=3.0.*, !=3.1.*, !=3.2.*, !=3.3.*, != 3.4.*"

[package.extras]
cssselect = ["cssselect (>=0.7)"]
html5 = ["html5lib"]
htmlsoup = ["beautifulsoup4"]
source = ["Cython (>=0.29.7)"]

[[package]]
name = "markupsafe"
version = "2.1.1"
description = "Safely add untrusted strings to HTML/XML markup."
category = "main"
optional = false
python-versions = ">=3.7"

[[package]]
name = "mysqlclient"
version = "2.0.3"
description = "Python interface to MySQL"
category = "main"
optional = false
python-versions = ">=3.5"

[[package]]
name = "psycopg2-binary"
version = "2.9.1"
description = "psycopg2 - Python-PostgreSQL Database Adapter"
category = "main"
optional = false
python-versions = ">=3.6"

[[package]]
name = "python-dateutil"
version = "2.8.2"
description = "Extensions to the standard Python datetime module"
category = "main"
optional = false
python-versions = "!=3.0.*,!=3.1.*,!=3.2.*,>=2.7"

[package.dependencies]
six = ">=1.5"

[[package]]
name = "python-docx"
version = "0.8.11"
description = "Create and update Microsoft Word .docx files."
category = "main"
optional = false
python-versions = "*"

[package.dependencies]
lxml = ">=2.3.2"

[[package]]
name = "python-memcached"
version = "1.59"
description = "Pure python memcached client"
category = "main"
optional = false
python-versions = "*"

[package.dependencies]
six = ">=1.4.0"

[[package]]
name = "pytz"
version = "2022.1"
description = "World timezone definitions, modern and historical"
category = "main"
optional = false
python-versions = "*"

[[package]]
name = "requests"
version = "2.26.0"
description = "Python HTTP for Humans."
category = "main"
optional = false
python-versions = ">=2.7, !=3.0.*, !=3.1.*, !=3.2.*, !=3.3.*, !=3.4.*, !=3.5.*"

[package.dependencies]
certifi = ">=2017.4.17"
charset-normalizer = {version = ">=2.0.0,<2.1.0", markers = "python_version >= \"3\""}
idna = {version = ">=2.5,<4", markers = "python_version >= \"3\""}
urllib3 = ">=1.21.1,<1.27"

[package.extras]
socks = ["PySocks (>=1.5.6,!=1.5.7)", "win-inet-pton"]
use_chardet_on_py3 = ["chardet (>=3.0.2,<5)"]

[[package]]
name = "six"
version = "1.16.0"
description = "Python 2 and 3 compatibility utilities"
category = "main"
optional = false
python-versions = ">=2.7, !=3.0.*, !=3.1.*, !=3.2.*"

[[package]]
name = "sqlparse"
version = "0.4.2"
description = "A non-validating SQL parser."
category = "main"
optional = false
python-versions = ">=3.5"

[[package]]
name = "typing-extensions"
version = "4.2.0"
description = "Backported and Experimental Type Hints for Python 3.7+"
category = "main"
optional = false
python-versions = ">=3.7"

[[package]]
name = "urllib3"
version = "1.26.9"
description = "HTTP library with thread-safe connection pooling, file post, and more."
category = "main"
optional = false
python-versions = ">=2.7, !=3.0.*, !=3.1.*, !=3.2.*, !=3.3.*, !=3.4.*, <4"

[package.extras]
brotli = ["brotlicffi (>=0.8.0)", "brotli (>=1.0.9)", "brotlipy (>=0.6.0)"]
secure = ["pyOpenSSL (>=0.14)", "cryptography (>=1.3.4)", "idna (>=2.0.0)", "certifi", "ipaddress"]
socks = ["PySocks (>=1.5.6,!=1.5.7,<2.0)"]

[[package]]
name = "uwsgi"
version = "2.0.20"
description = "The uWSGI server"
category = "main"
optional = false
python-versions = "*"

[metadata]
lock-version = "1.1"
python-versions = "^3.7"
content-hash = "99e920d04a4029e687354ef466684e486a4ad7306ac0f663d29f941a079b36f0"

[metadata.files]
asgiref = [
    {file = "asgiref-3.5.2-py3-none-any.whl", hash = "sha256:1d2880b792ae8757289136f1db2b7b99100ce959b2aa57fd69dab783d05afac4"},
    {file = "asgiref-3.5.2.tar.gz", hash = "sha256:4a29362a6acebe09bf1d6640db38c1dc3d9217c68e6f9f6204d72667fc19a424"},
]
babel = [
    {file = "Babel-2.9.1-py2.py3-none-any.whl", hash = "sha256:ab49e12b91d937cd11f0b67cb259a57ab4ad2b59ac7a3b41d6c06c0ac5b0def9"},
    {file = "Babel-2.9.1.tar.gz", hash = "sha256:bc0c176f9f6a994582230df350aa6e05ba2ebe4b3ac317eab29d9be5d2768da0"},
]
certifi = [
    {file = "certifi-2022.5.18.1-py3-none-any.whl", hash = "sha256:f1d53542ee8cbedbe2118b5686372fb33c297fcd6379b050cca0ef13a597382a"},
    {file = "certifi-2022.5.18.1.tar.gz", hash = "sha256:9c5705e395cd70084351dd8ad5c41e65655e08ce46f2ec9cf6c2c08390f71eb7"},
]
charset-normalizer = [
    {file = "charset-normalizer-2.0.12.tar.gz", hash = "sha256:2857e29ff0d34db842cd7ca3230549d1a697f96ee6d3fb071cfa6c7393832597"},
    {file = "charset_normalizer-2.0.12-py3-none-any.whl", hash = "sha256:6881edbebdb17b39b4eaaa821b438bf6eddffb4468cf344f09f89def34a8b1df"},
]
django = [
    {file = "Django-3.2.13-py3-none-any.whl", hash = "sha256:b896ca61edc079eb6bbaa15cf6071eb69d6aac08cce5211583cfb41515644fdf"},
    {file = "Django-3.2.13.tar.gz", hash = "sha256:6d93497a0a9bf6ba0e0b1a29cccdc40efbfc76297255b1309b3a884a688ec4b6"},
]
django-cors-headers = [
    {file = "django-cors-headers-3.10.0.tar.gz", hash = "sha256:cd6f4360f5246569c149dc1c40c907c191f1ec45551e10d2a2e2e68512652f78"},
    {file = "django_cors_headers-3.10.0-py3-none-any.whl", hash = "sha256:cba6e99659abb0e47cc4aaabb8fcde03f193e6bb3b92ba47c5185ec4cedc5d9e"},
]
django-environ = [
    {file = "django-environ-0.8.1.tar.gz", hash = "sha256:6f0bc902b43891656b20486938cba0861dc62892784a44919170719572a534cb"},
    {file = "django_environ-0.8.1-py2.py3-none-any.whl", hash = "sha256:42593bee519a527602a467c7b682aee1a051c2597f98c45f4f4f44169ecdb6e5"},
]
django-filter = [
    {file = "django-filter-21.1.tar.gz", hash = "sha256:632a251fa8f1aadb4b8cceff932bb52fe2f826dd7dfe7f3eac40e5c463d6836e"},
    {file = "django_filter-21.1-py3-none-any.whl", hash = "sha256:f4a6737a30104c98d2e2a5fb93043f36dd7978e0c7ddc92f5998e85433ea5063"},
]
djangorestframework = [
    {file = "djangorestframework-3.12.4-py3-none-any.whl", hash = "sha256:6d1d59f623a5ad0509fe0d6bfe93cbdfe17b8116ebc8eda86d45f6e16e819aaf"},
    {file = "djangorestframework-3.12.4.tar.gz", hash = "sha256:f747949a8ddac876e879190df194b925c177cdeb725a099db1460872f7c0a7f2"},
]
docx-mailmerge = [
    {file = "docx-mailmerge-0.5.0.tar.gz", hash = "sha256:6fbe353bd2f87dc6621d9add7bd04896181a469cc543502f1acc0c2444fd632a"},
    {file = "docx_mailmerge-0.5.0-py2.py3-none-any.whl", hash = "sha256:0c9d8a0e9230ec337d7e43014280fe6c0b7773adadbfe5f1d9f764d37f072137"},
]
docxcompose = [
    {file = "docxcompose-1.3.4.tar.gz", hash = "sha256:b1a40d4f95751565822350174971012875f82a32b83a9d1be098edd965047029"},
]
docxtpl = [
    {file = "docxtpl-0.14.2-py2.py3-none-any.whl", hash = "sha256:e8d3dba9c9638f8d3212187e6b8cd1dbcc87f4fb34a436873e4e86a530602b99"},
    {file = "docxtpl-0.14.2.tar.gz", hash = "sha256:c90ca0b7251d3aa20bb5b67d1b6d4dcd546cb0c56aa080f6733656622bd086e1"},
]
idna = [
    {file = "idna-3.3-py3-none-any.whl", hash = "sha256:84d9dd047ffa80596e0f246e2eab0b391788b0503584e8945f2368256d2735ff"},
    {file = "idna-3.3.tar.gz", hash = "sha256:9d643ff0a55b762d5cdb124b8eaa99c66322e2157b69160bc32796e824360e6d"},
]
jinja2 = [
    {file = "Jinja2-3.0.3-py3-none-any.whl", hash = "sha256:077ce6014f7b40d03b47d1f1ca4b0fc8328a692bd284016f806ed0eaca390ad8"},
    {file = "Jinja2-3.0.3.tar.gz", hash = "sha256:611bb273cd68f3b993fabdc4064fc858c5b47a973cb5aa7999ec1ba405c87cd7"},
]
jsonpath = [
    {file = "jsonpath-0.82.tar.gz", hash = "sha256:46d3fd2016cd5b842283d547877a02c418a0fe9aa7a6b0ae344115a2c990fef4"},
]
lxml = [
    {file = "lxml-4.8.0-cp27-cp27m-macosx_10_14_x86_64.whl", hash = "sha256:e1ab2fac607842ac36864e358c42feb0960ae62c34aa4caaf12ada0a1fb5d99b"},
    {file = "lxml-4.8.0-cp27-cp27m-manylinux_2_5_i686.manylinux1_i686.whl", hash = "sha256:28d1af847786f68bec57961f31221125c29d6f52d9187c01cd34dc14e2b29430"},
    {file = "lxml-4.8.0-cp27-cp27m-manylinux_2_5_x86_64.manylinux1_x86_64.whl", hash = "sha256:b92d40121dcbd74831b690a75533da703750f7041b4bf951befc657c37e5695a"},
    {file = "lxml-4.8.0-cp27-cp27m-win32.whl", hash = "sha256:e01f9531ba5420838c801c21c1b0f45dbc9607cb22ea2cf132844453bec863a5"},
    {file = "lxml-4.8.0-cp27-cp27m-win_amd64.whl", hash = "sha256:6259b511b0f2527e6d55ad87acc1c07b3cbffc3d5e050d7e7bcfa151b8202df9"},
    {file = "lxml-4.8.0-cp27-cp27mu-manylinux_2_5_i686.manylinux1_i686.whl", hash = "sha256:1010042bfcac2b2dc6098260a2ed022968dbdfaf285fc65a3acf8e4eb1ffd1bc"},
    {file = "lxml-4.8.0-cp27-cp27mu-manylinux_2_5_x86_64.manylinux1_x86_64.whl", hash = "sha256:fa56bb08b3dd8eac3a8c5b7d075c94e74f755fd9d8a04543ae8d37b1612dd170"},
    {file = "lxml-4.8.0-cp310-cp310-macosx_10_15_x86_64.whl", hash = "sha256:31ba2cbc64516dcdd6c24418daa7abff989ddf3ba6d3ea6f6ce6f2ed6e754ec9"},
    {file = "lxml-4.8.0-cp310-cp310-manylinux_2_12_i686.manylinux2010_i686.manylinux_2_24_i686.whl", hash = "sha256:31499847fc5f73ee17dbe1b8e24c6dafc4e8d5b48803d17d22988976b0171f03"},
    {file = "lxml-4.8.0-cp310-cp310-manylinux_2_17_aarch64.manylinux2014_aarch64.manylinux_2_24_aarch64.whl", hash = "sha256:5f7d7d9afc7b293147e2d506a4596641d60181a35279ef3aa5778d0d9d9123fe"},
    {file = "lxml-4.8.0-cp310-cp310-manylinux_2_17_x86_64.manylinux2014_x86_64.manylinux_2_24_x86_64.whl", hash = "sha256:a3c5f1a719aa11866ffc530d54ad965063a8cbbecae6515acbd5f0fae8f48eaa"},
    {file = "lxml-4.8.0-cp310-cp310-musllinux_1_1_x86_64.whl", hash = "sha256:6268e27873a3d191849204d00d03f65c0e343b3bcb518a6eaae05677c95621d1"},
    {file = "lxml-4.8.0-cp310-cp310-win32.whl", hash = "sha256:330bff92c26d4aee79c5bc4d9967858bdbe73fdbdbacb5daf623a03a914fe05b"},
    {file = "lxml-4.8.0-cp310-cp310-win_amd64.whl", hash = "sha256:b2582b238e1658c4061ebe1b4df53c435190d22457642377fd0cb30685cdfb76"},
    {file = "lxml-4.8.0-cp35-cp35m-manylinux_2_5_i686.manylinux1_i686.whl", hash = "sha256:a2bfc7e2a0601b475477c954bf167dee6d0f55cb167e3f3e7cefad906e7759f6"},
    {file = "lxml-4.8.0-cp35-cp35m-manylinux_2_5_x86_64.manylinux1_x86_64.whl", hash = "sha256:a1547ff4b8a833511eeaceacbcd17b043214fcdb385148f9c1bc5556ca9623e2"},
    {file = "lxml-4.8.0-cp35-cp35m-win32.whl", hash = "sha256:a9f1c3489736ff8e1c7652e9dc39f80cff820f23624f23d9eab6e122ac99b150"},
    {file = "lxml-4.8.0-cp35-cp35m-win_amd64.whl", hash = "sha256:530f278849031b0eb12f46cca0e5db01cfe5177ab13bd6878c6e739319bae654"},
    {file = "lxml-4.8.0-cp36-cp36m-macosx_10_14_x86_64.whl", hash = "sha256:078306d19a33920004addeb5f4630781aaeabb6a8d01398045fcde085091a169"},
    {file = "lxml-4.8.0-cp36-cp36m-manylinux_2_12_i686.manylinux2010_i686.manylinux_2_24_i686.whl", hash = "sha256:86545e351e879d0b72b620db6a3b96346921fa87b3d366d6c074e5a9a0b8dadb"},
    {file = "lxml-4.8.0-cp36-cp36m-manylinux_2_17_aarch64.manylinux2014_aarch64.whl", hash = "sha256:24f5c5ae618395ed871b3d8ebfcbb36e3f1091fd847bf54c4de623f9107942f3"},
    {file = "lxml-4.8.0-cp36-cp36m-manylinux_2_17_x86_64.manylinux2014_x86_64.manylinux_2_24_x86_64.whl", hash = "sha256:bbab6faf6568484707acc052f4dfc3802bdb0cafe079383fbaa23f1cdae9ecd4"},
    {file = "lxml-4.8.0-cp36-cp36m-manylinux_2_5_i686.manylinux1_i686.whl", hash = "sha256:7993232bd4044392c47779a3c7e8889fea6883be46281d45a81451acfd704d7e"},
    {file = "lxml-4.8.0-cp36-cp36m-manylinux_2_5_x86_64.manylinux1_x86_64.whl", hash = "sha256:6d6483b1229470e1d8835e52e0ff3c6973b9b97b24cd1c116dca90b57a2cc613"},
    {file = "lxml-4.8.0-cp36-cp36m-musllinux_1_1_x86_64.whl", hash = "sha256:ad4332a532e2d5acb231a2e5d33f943750091ee435daffca3fec0a53224e7e33"},
    {file = "lxml-4.8.0-cp36-cp36m-win32.whl", hash = "sha256:db3535733f59e5605a88a706824dfcb9bd06725e709ecb017e165fc1d6e7d429"},
    {file = "lxml-4.8.0-cp36-cp36m-win_amd64.whl", hash = "sha256:5f148b0c6133fb928503cfcdfdba395010f997aa44bcf6474fcdd0c5398d9b63"},
    {file = "lxml-4.8.0-cp37-cp37m-macosx_10_14_x86_64.whl", hash = "sha256:8a31f24e2a0b6317f33aafbb2f0895c0bce772980ae60c2c640d82caac49628a"},
    {file = "lxml-4.8.0-cp37-cp37m-manylinux_2_12_i686.manylinux2010_i686.manylinux_2_24_i686.whl", hash = "sha256:719544565c2937c21a6f76d520e6e52b726d132815adb3447ccffbe9f44203c4"},
    {file = "lxml-4.8.0-cp37-cp37m-manylinux_2_17_aarch64.manylinux2014_aarch64.manylinux_2_24_aarch64.whl", hash = "sha256:c0b88ed1ae66777a798dc54f627e32d3b81c8009967c63993c450ee4cbcbec15"},
    {file = "lxml-4.8.0-cp37-cp37m-manylinux_2_17_x86_64.manylinux2014_x86_64.manylinux_2_24_x86_64.whl", hash = "sha256:fa9b7c450be85bfc6cd39f6df8c5b8cbd76b5d6fc1f69efec80203f9894b885f"},
    {file = "lxml-4.8.0-cp37-cp37m-manylinux_2_5_i686.manylinux1_i686.whl", hash = "sha256:e9f84ed9f4d50b74fbc77298ee5c870f67cb7e91dcdc1a6915cb1ff6a317476c"},
    {file = "lxml-4.8.0-cp37-cp37m-manylinux_2_5_x86_64.manylinux1_x86_64.whl", hash = "sha256:1d650812b52d98679ed6c6b3b55cbb8fe5a5460a0aef29aeb08dc0b44577df85"},
    {file = "lxml-4.8.0-cp37-cp37m-musllinux_1_1_x86_64.whl", hash = "sha256:80bbaddf2baab7e6de4bc47405e34948e694a9efe0861c61cdc23aa774fcb141"},
    {file = "lxml-4.8.0-cp37-cp37m-win32.whl", hash = "sha256:6f7b82934c08e28a2d537d870293236b1000d94d0b4583825ab9649aef7ddf63"},
    {file = "lxml-4.8.0-cp37-cp37m-win_amd64.whl", hash = "sha256:e1fd7d2fe11f1cb63d3336d147c852f6d07de0d0020d704c6031b46a30b02ca8"},
    {file = "lxml-4.8.0-cp38-cp38-macosx_10_14_x86_64.whl", hash = "sha256:5045ee1ccd45a89c4daec1160217d363fcd23811e26734688007c26f28c9e9e7"},
    {file = "lxml-4.8.0-cp38-cp38-manylinux_2_12_i686.manylinux2010_i686.manylinux_2_24_i686.whl", hash = "sha256:0c1978ff1fd81ed9dcbba4f91cf09faf1f8082c9d72eb122e92294716c605428"},
    {file = "lxml-4.8.0-cp38-cp38-manylinux_2_17_aarch64.manylinux2014_aarch64.manylinux_2_24_aarch64.whl", hash = "sha256:52cbf2ff155b19dc4d4100f7442f6a697938bf4493f8d3b0c51d45568d5666b5"},
    {file = "lxml-4.8.0-cp38-cp38-manylinux_2_17_x86_64.manylinux2014_x86_64.manylinux_2_24_x86_64.whl", hash = "sha256:ce13d6291a5f47c1c8dbd375baa78551053bc6b5e5c0e9bb8e39c0a8359fd52f"},
    {file = "lxml-4.8.0-cp38-cp38-manylinux_2_5_i686.manylinux1_i686.whl", hash = "sha256:e11527dc23d5ef44d76fef11213215c34f36af1608074561fcc561d983aeb870"},
    {file = "lxml-4.8.0-cp38-cp38-manylinux_2_5_x86_64.manylinux1_x86_64.whl", hash = "sha256:60d2f60bd5a2a979df28ab309352cdcf8181bda0cca4529769a945f09aba06f9"},
    {file = "lxml-4.8.0-cp38-cp38-musllinux_1_1_x86_64.whl", hash = "sha256:62f93eac69ec0f4be98d1b96f4d6b964855b8255c345c17ff12c20b93f247b68"},
    {file = "lxml-4.8.0-cp38-cp38-win32.whl", hash = "sha256:20b8a746a026017acf07da39fdb10aa80ad9877046c9182442bf80c84a1c4696"},
    {file = "lxml-4.8.0-cp38-cp38-win_amd64.whl", hash = "sha256:891dc8f522d7059ff0024cd3ae79fd224752676447f9c678f2a5c14b84d9a939"},
    {file = "lxml-4.8.0-cp39-cp39-macosx_10_15_x86_64.whl", hash = "sha256:b6fc2e2fb6f532cf48b5fed57567ef286addcef38c28874458a41b7837a57807"},
    {file = "lxml-4.8.0-cp39-cp39-manylinux_2_12_i686.manylinux2010_i686.manylinux_2_24_i686.whl", hash = "sha256:74eb65ec61e3c7c019d7169387d1b6ffcfea1b9ec5894d116a9a903636e4a0b1"},
    {file = "lxml-4.8.0-cp39-cp39-manylinux_2_17_aarch64.manylinux2014_aarch64.manylinux_2_24_aarch64.whl", hash = "sha256:627e79894770783c129cc5e89b947e52aa26e8e0557c7e205368a809da4b7939"},
    {file = "lxml-4.8.0-cp39-cp39-manylinux_2_17_x86_64.manylinux2014_x86_64.manylinux_2_24_x86_64.whl", hash = "sha256:545bd39c9481f2e3f2727c78c169425efbfb3fbba6e7db4f46a80ebb249819ca"},
    {file = "lxml-4.8.0-cp39-cp39-manylinux_2_5_i686.manylinux1_i686.whl", hash = "sha256:5a58d0b12f5053e270510bf12f753a76aaf3d74c453c00942ed7d2c804ca845c"},
    {file = "lxml-4.8.0-cp39-cp39-manylinux_2_5_x86_64.manylinux1_x86_64.whl", hash = "sha256:ec4b4e75fc68da9dc0ed73dcdb431c25c57775383fec325d23a770a64e7ebc87"},
    {file = "lxml-4.8.0-cp39-cp39-musllinux_1_1_x86_64.whl", hash = "sha256:5804e04feb4e61babf3911c2a974a5b86f66ee227cc5006230b00ac6d285b3a9"},
    {file = "lxml-4.8.0-cp39-cp39-win32.whl", hash = "sha256:aa0cf4922da7a3c905d000b35065df6184c0dc1d866dd3b86fd961905bbad2ea"},
    {file = "lxml-4.8.0-cp39-cp39-win_amd64.whl", hash = "sha256:dd10383f1d6b7edf247d0960a3db274c07e96cf3a3fc7c41c8448f93eac3fb1c"},
    {file = "lxml-4.8.0-pp37-pypy37_pp73-macosx_10_14_x86_64.whl", hash = "sha256:2403a6d6fb61c285969b71f4a3527873fe93fd0abe0832d858a17fe68c8fa507"},
    {file = "lxml-4.8.0-pp37-pypy37_pp73-manylinux_2_12_i686.manylinux2010_i686.manylinux_2_24_i686.whl", hash = "sha256:986b7a96228c9b4942ec420eff37556c5777bfba6758edcb95421e4a614b57f9"},
    {file = "lxml-4.8.0-pp37-pypy37_pp73-manylinux_2_17_x86_64.manylinux2014_x86_64.manylinux_2_24_x86_64.whl", hash = "sha256:6fe4ef4402df0250b75ba876c3795510d782def5c1e63890bde02d622570d39e"},
    {file = "lxml-4.8.0-pp38-pypy38_pp73-macosx_10_14_x86_64.whl", hash = "sha256:f10ce66fcdeb3543df51d423ede7e238be98412232fca5daec3e54bcd16b8da0"},
    {file = "lxml-4.8.0-pp38-pypy38_pp73-manylinux_2_12_i686.manylinux2010_i686.manylinux_2_24_i686.whl", hash = "sha256:730766072fd5dcb219dd2b95c4c49752a54f00157f322bc6d71f7d2a31fecd79"},
    {file = "lxml-4.8.0-pp38-pypy38_pp73-manylinux_2_17_x86_64.manylinux2014_x86_64.manylinux_2_24_x86_64.whl", hash = "sha256:8b99ec73073b37f9ebe8caf399001848fced9c08064effdbfc4da2b5a8d07b93"},
    {file = "lxml-4.8.0.tar.gz", hash = "sha256:f63f62fc60e6228a4ca9abae28228f35e1bd3ce675013d1dfb828688d50c6e23"},
]
markupsafe = [
    {file = "MarkupSafe-2.1.1-cp310-cp310-macosx_10_9_universal2.whl", hash = "sha256:86b1f75c4e7c2ac2ccdaec2b9022845dbb81880ca318bb7a0a01fbf7813e3812"},
    {file = "MarkupSafe-2.1.1-cp310-cp310-macosx_10_9_x86_64.whl", hash = "sha256:f121a1420d4e173a5d96e47e9a0c0dcff965afdf1626d28de1460815f7c4ee7a"},
    {file = "MarkupSafe-2.1.1-cp310-cp310-manylinux_2_17_aarch64.manylinux2014_aarch64.whl", hash = "sha256:a49907dd8420c5685cfa064a1335b6754b74541bbb3706c259c02ed65b644b3e"},
    {file = "MarkupSafe-2.1.1-cp310-cp310-manylinux_2_17_x86_64.manylinux2014_x86_64.whl", hash = "sha256:10c1bfff05d95783da83491be968e8fe789263689c02724e0c691933c52994f5"},
    {file = "MarkupSafe-2.1.1-cp310-cp310-manylinux_2_5_i686.manylinux1_i686.manylinux_2_17_i686.manylinux2014_i686.whl", hash = "sha256:b7bd98b796e2b6553da7225aeb61f447f80a1ca64f41d83612e6139ca5213aa4"},
    {file = "MarkupSafe-2.1.1-cp310-cp310-musllinux_1_1_aarch64.whl", hash = "sha256:b09bf97215625a311f669476f44b8b318b075847b49316d3e28c08e41a7a573f"},
    {file = "MarkupSafe-2.1.1-cp310-cp310-musllinux_1_1_i686.whl", hash = "sha256:694deca8d702d5db21ec83983ce0bb4b26a578e71fbdbd4fdcd387daa90e4d5e"},
    {file = "MarkupSafe-2.1.1-cp310-cp310-musllinux_1_1_x86_64.whl", hash = "sha256:efc1913fd2ca4f334418481c7e595c00aad186563bbc1ec76067848c7ca0a933"},
    {file = "MarkupSafe-2.1.1-cp310-cp310-win32.whl", hash = "sha256:4a33dea2b688b3190ee12bd7cfa29d39c9ed176bda40bfa11099a3ce5d3a7ac6"},
    {file = "MarkupSafe-2.1.1-cp310-cp310-win_amd64.whl", hash = "sha256:dda30ba7e87fbbb7eab1ec9f58678558fd9a6b8b853530e176eabd064da81417"},
    {file = "MarkupSafe-2.1.1-cp37-cp37m-macosx_10_9_x86_64.whl", hash = "sha256:671cd1187ed5e62818414afe79ed29da836dde67166a9fac6d435873c44fdd02"},
    {file = "MarkupSafe-2.1.1-cp37-cp37m-manylinux_2_17_aarch64.manylinux2014_aarch64.whl", hash = "sha256:3799351e2336dc91ea70b034983ee71cf2f9533cdff7c14c90ea126bfd95d65a"},
    {file = "MarkupSafe-2.1.1-cp37-cp37m-manylinux_2_17_x86_64.manylinux2014_x86_64.whl", hash = "sha256:e72591e9ecd94d7feb70c1cbd7be7b3ebea3f548870aa91e2732960fa4d57a37"},
    {file = "MarkupSafe-2.1.1-cp37-cp37m-manylinux_2_5_i686.manylinux1_i686.manylinux_2_17_i686.manylinux2014_i686.whl", hash = "sha256:6fbf47b5d3728c6aea2abb0589b5d30459e369baa772e0f37a0320185e87c980"},
    {file = "MarkupSafe-2.1.1-cp37-cp37m-musllinux_1_1_aarch64.whl", hash = "sha256:d5ee4f386140395a2c818d149221149c54849dfcfcb9f1debfe07a8b8bd63f9a"},
    {file = "MarkupSafe-2.1.1-cp37-cp37m-musllinux_1_1_i686.whl", hash = "sha256:bcb3ed405ed3222f9904899563d6fc492ff75cce56cba05e32eff40e6acbeaa3"},
    {file = "MarkupSafe-2.1.1-cp37-cp37m-musllinux_1_1_x86_64.whl", hash = "sha256:e1c0b87e09fa55a220f058d1d49d3fb8df88fbfab58558f1198e08c1e1de842a"},
    {file = "MarkupSafe-2.1.1-cp37-cp37m-win32.whl", hash = "sha256:8dc1c72a69aa7e082593c4a203dcf94ddb74bb5c8a731e4e1eb68d031e8498ff"},
    {file = "MarkupSafe-2.1.1-cp37-cp37m-win_amd64.whl", hash = "sha256:97a68e6ada378df82bc9f16b800ab77cbf4b2fada0081794318520138c088e4a"},
    {file = "MarkupSafe-2.1.1-cp38-cp38-macosx_10_9_universal2.whl", hash = "sha256:e8c843bbcda3a2f1e3c2ab25913c80a3c5376cd00c6e8c4a86a89a28c8dc5452"},
    {file = "MarkupSafe-2.1.1-cp38-cp38-macosx_10_9_x86_64.whl", hash = "sha256:0212a68688482dc52b2d45013df70d169f542b7394fc744c02a57374a4207003"},
    {file = "MarkupSafe-2.1.1-cp38-cp38-manylinux_2_17_aarch64.manylinux2014_aarch64.whl", hash = "sha256:8e576a51ad59e4bfaac456023a78f6b5e6e7651dcd383bcc3e18d06f9b55d6d1"},
    {file = "MarkupSafe-2.1.1-cp38-cp38-manylinux_2_17_x86_64.manylinux2014_x86_64.whl", hash = "sha256:4b9fe39a2ccc108a4accc2676e77da025ce383c108593d65cc909add5c3bd601"},
    {file = "MarkupSafe-2.1.1-cp38-cp38-manylinux_2_5_i686.manylinux1_i686.manylinux_2_17_i686.manylinux2014_i686.whl", hash = "sha256:96e37a3dc86e80bf81758c152fe66dbf60ed5eca3d26305edf01892257049925"},
    {file = "MarkupSafe-2.1.1-cp38-cp38-musllinux_1_1_aarch64.whl", hash = "sha256:6d0072fea50feec76a4c418096652f2c3238eaa014b2f94aeb1d56a66b41403f"},
    {file = "MarkupSafe-2.1.1-cp38-cp38-musllinux_1_1_i686.whl", hash = "sha256:089cf3dbf0cd6c100f02945abeb18484bd1ee57a079aefd52cffd17fba910b88"},
    {file = "MarkupSafe-2.1.1-cp38-cp38-musllinux_1_1_x86_64.whl", hash = "sha256:6a074d34ee7a5ce3effbc526b7083ec9731bb3cbf921bbe1d3005d4d2bdb3a63"},
    {file = "MarkupSafe-2.1.1-cp38-cp38-win32.whl", hash = "sha256:421be9fbf0ffe9ffd7a378aafebbf6f4602d564d34be190fc19a193232fd12b1"},
    {file = "MarkupSafe-2.1.1-cp38-cp38-win_amd64.whl", hash = "sha256:fc7b548b17d238737688817ab67deebb30e8073c95749d55538ed473130ec0c7"},
    {file = "MarkupSafe-2.1.1-cp39-cp39-macosx_10_9_universal2.whl", hash = "sha256:e04e26803c9c3851c931eac40c695602c6295b8d432cbe78609649ad9bd2da8a"},
    {file = "MarkupSafe-2.1.1-cp39-cp39-macosx_10_9_x86_64.whl", hash = "sha256:b87db4360013327109564f0e591bd2a3b318547bcef31b468a92ee504d07ae4f"},
    {file = "MarkupSafe-2.1.1-cp39-cp39-manylinux_2_17_aarch64.manylinux2014_aarch64.whl", hash = "sha256:99a2a507ed3ac881b975a2976d59f38c19386d128e7a9a18b7df6fff1fd4c1d6"},
    {file = "MarkupSafe-2.1.1-cp39-cp39-manylinux_2_17_x86_64.manylinux2014_x86_64.whl", hash = "sha256:56442863ed2b06d19c37f94d999035e15ee982988920e12a5b4ba29b62ad1f77"},
    {file = "MarkupSafe-2.1.1-cp39-cp39-manylinux_2_5_i686.manylinux1_i686.manylinux_2_17_i686.manylinux2014_i686.whl", hash = "sha256:3ce11ee3f23f79dbd06fb3d63e2f6af7b12db1d46932fe7bd8afa259a5996603"},
    {file = "MarkupSafe-2.1.1-cp39-cp39-musllinux_1_1_aarch64.whl", hash = "sha256:33b74d289bd2f5e527beadcaa3f401e0df0a89927c1559c8566c066fa4248ab7"},
    {file = "MarkupSafe-2.1.1-cp39-cp39-musllinux_1_1_i686.whl", hash = "sha256:43093fb83d8343aac0b1baa75516da6092f58f41200907ef92448ecab8825135"},
    {file = "MarkupSafe-2.1.1-cp39-cp39-musllinux_1_1_x86_64.whl", hash = "sha256:8e3dcf21f367459434c18e71b2a9532d96547aef8a871872a5bd69a715c15f96"},
    {file = "MarkupSafe-2.1.1-cp39-cp39-win32.whl", hash = "sha256:d4306c36ca495956b6d568d276ac11fdd9c30a36f1b6eb928070dc5360b22e1c"},
    {file = "MarkupSafe-2.1.1-cp39-cp39-win_amd64.whl", hash = "sha256:46d00d6cfecdde84d40e572d63735ef81423ad31184100411e6e3388d405e247"},
    {file = "MarkupSafe-2.1.1.tar.gz", hash = "sha256:7f91197cc9e48f989d12e4e6fbc46495c446636dfc81b9ccf50bb0ec74b91d4b"},
]
mysqlclient = [
    {file = "mysqlclient-2.0.3-cp36-cp36m-win_amd64.whl", hash = "sha256:3381ca1a4f37ff1155fcfde20836b46416d66531add8843f6aa6d968982731c3"},
    {file = "mysqlclient-2.0.3-cp37-cp37m-win_amd64.whl", hash = "sha256:0ac0dd759c4ca02c35a9fedc24bc982cf75171651e8187c2495ec957a87dfff7"},
    {file = "mysqlclient-2.0.3-cp38-cp38-win_amd64.whl", hash = "sha256:71c4b330cf2313bbda0307fc858cc9055e64493ba9bf28454d25cf8b3ee8d7f5"},
    {file = "mysqlclient-2.0.3-cp39-cp39-win_amd64.whl", hash = "sha256:fc575093cf81b6605bed84653e48b277318b880dc9becf42dd47fa11ffd3e2b6"},
    {file = "mysqlclient-2.0.3.tar.gz", hash = "sha256:f6ebea7c008f155baeefe16c56cd3ee6239f7a5a9ae42396c2f1860f08a7c432"},
]
psycopg2-binary = [
    {file = "psycopg2-binary-2.9.1.tar.gz", hash = "sha256:b0221ca5a9837e040ebf61f48899926b5783668b7807419e4adae8175a31f773"},
    {file = "psycopg2_binary-2.9.1-cp310-cp310-macosx_10_14_x86_64.macosx_10_9_intel.macosx_10_9_x86_64.macosx_10_10_intel.macosx_10_10_x86_64.whl", hash = "sha256:24b0b6688b9f31a911f2361fe818492650795c9e5d3a1bc647acbd7440142a4f"},
    {file = "psycopg2_binary-2.9.1-cp310-cp310-manylinux_2_17_i686.manylinux2014_i686.whl", hash = "sha256:542875f62bc56e91c6eac05a0deadeae20e1730be4c6334d8f04c944fcd99759"},
    {file = "psycopg2_binary-2.9.1-cp310-cp310-manylinux_2_17_x86_64.manylinux2014_x86_64.whl", hash = "sha256:661509f51531ec125e52357a489ea3806640d0ca37d9dada461ffc69ee1e7b6e"},
    {file = "psycopg2_binary-2.9.1-cp310-cp310-manylinux_2_24_aarch64.whl", hash = "sha256:d92272c7c16e105788efe2cfa5d680f07e34e0c29b03c1908f8636f55d5f915a"},
    {file = "psycopg2_binary-2.9.1-cp310-cp310-manylinux_2_24_ppc64le.whl", hash = "sha256:736b8797b58febabb85494142c627bd182b50d2a7ec65322983e71065ad3034c"},
    {file = "psycopg2_binary-2.9.1-cp310-cp310-win32.whl", hash = "sha256:ebccf1123e7ef66efc615a68295bf6fdba875a75d5bba10a05073202598085fc"},
    {file = "psycopg2_binary-2.9.1-cp310-cp310-win_amd64.whl", hash = "sha256:1f6ca4a9068f5c5c57e744b4baa79f40e83e3746875cac3c45467b16326bab45"},
    {file = "psycopg2_binary-2.9.1-cp36-cp36m-macosx_10_14_x86_64.macosx_10_9_intel.macosx_10_9_x86_64.macosx_10_10_intel.macosx_10_10_x86_64.whl", hash = "sha256:c250a7ec489b652c892e4f0a5d122cc14c3780f9f643e1a326754aedf82d9a76"},
    {file = "psycopg2_binary-2.9.1-cp36-cp36m-manylinux_2_17_i686.manylinux2014_i686.whl", hash = "sha256:aef9aee84ec78af51107181d02fe8773b100b01c5dfde351184ad9223eab3698"},
    {file = "psycopg2_binary-2.9.1-cp36-cp36m-manylinux_2_17_x86_64.manylinux2014_x86_64.whl", hash = "sha256:123c3fb684e9abfc47218d3784c7b4c47c8587951ea4dd5bc38b6636ac57f616"},
    {file = "psycopg2_binary-2.9.1-cp36-cp36m-manylinux_2_24_aarch64.whl", hash = "sha256:995fc41ebda5a7a663a254a1dcac52638c3e847f48307b5416ee373da15075d7"},
    {file = "psycopg2_binary-2.9.1-cp36-cp36m-manylinux_2_24_ppc64le.whl", hash = "sha256:fbb42a541b1093385a2d8c7eec94d26d30437d0e77c1d25dae1dcc46741a385e"},
    {file = "psycopg2_binary-2.9.1-cp36-cp36m-win32.whl", hash = "sha256:20f1ab44d8c352074e2d7ca67dc00843067788791be373e67a0911998787ce7d"},
    {file = "psycopg2_binary-2.9.1-cp36-cp36m-win_amd64.whl", hash = "sha256:f6fac64a38f6768e7bc7b035b9e10d8a538a9fadce06b983fb3e6fa55ac5f5ce"},
    {file = "psycopg2_binary-2.9.1-cp37-cp37m-macosx_10_14_x86_64.macosx_10_9_intel.macosx_10_9_x86_64.macosx_10_10_intel.macosx_10_10_x86_64.whl", hash = "sha256:1e3a362790edc0a365385b1ac4cc0acc429a0c0d662d829a50b6ce743ae61b5a"},
    {file = "psycopg2_binary-2.9.1-cp37-cp37m-manylinux_2_17_i686.manylinux2014_i686.whl", hash = "sha256:f8559617b1fcf59a9aedba2c9838b5b6aa211ffedecabca412b92a1ff75aac1a"},
    {file = "psycopg2_binary-2.9.1-cp37-cp37m-manylinux_2_17_x86_64.manylinux2014_x86_64.whl", hash = "sha256:a36c7eb6152ba5467fb264d73844877be8b0847874d4822b7cf2d3c0cb8cdcb0"},
    {file = "psycopg2_binary-2.9.1-cp37-cp37m-manylinux_2_24_aarch64.whl", hash = "sha256:2f62c207d1740b0bde5c4e949f857b044818f734a3d57f1d0d0edc65050532ed"},
    {file = "psycopg2_binary-2.9.1-cp37-cp37m-manylinux_2_24_ppc64le.whl", hash = "sha256:cfc523edecddaef56f6740d7de1ce24a2fdf94fd5e704091856a201872e37f9f"},
    {file = "psycopg2_binary-2.9.1-cp37-cp37m-win32.whl", hash = "sha256:1e85b74cbbb3056e3656f1cc4781294df03383127a8114cbc6531e8b8367bf1e"},
    {file = "psycopg2_binary-2.9.1-cp37-cp37m-win_amd64.whl", hash = "sha256:1473c0215b0613dd938db54a653f68251a45a78b05f6fc21af4326f40e8360a2"},
    {file = "psycopg2_binary-2.9.1-cp38-cp38-macosx_10_14_x86_64.macosx_10_9_intel.macosx_10_9_x86_64.macosx_10_10_intel.macosx_10_10_x86_64.whl", hash = "sha256:35c4310f8febe41f442d3c65066ca93cccefd75013df3d8c736c5b93ec288140"},
    {file = "psycopg2_binary-2.9.1-cp38-cp38-manylinux_2_17_i686.manylinux2014_i686.whl", hash = "sha256:8c13d72ed6af7fd2c8acbd95661cf9477f94e381fce0792c04981a8283b52917"},
    {file = "psycopg2_binary-2.9.1-cp38-cp38-manylinux_2_17_x86_64.manylinux2014_x86_64.whl", hash = "sha256:14db1752acdd2187d99cb2ca0a1a6dfe57fc65c3281e0f20e597aac8d2a5bd90"},
    {file = "psycopg2_binary-2.9.1-cp38-cp38-manylinux_2_24_aarch64.whl", hash = "sha256:aed4a9a7e3221b3e252c39d0bf794c438dc5453bc2963e8befe9d4cd324dff72"},
    {file = "psycopg2_binary-2.9.1-cp38-cp38-manylinux_2_24_ppc64le.whl", hash = "sha256:da113b70f6ec40e7d81b43d1b139b9db6a05727ab8be1ee559f3a69854a69d34"},
    {file = "psycopg2_binary-2.9.1-cp38-cp38-win32.whl", hash = "sha256:4235f9d5ddcab0b8dbd723dca56ea2922b485ea00e1dafacf33b0c7e840b3d32"},
    {file = "psycopg2_binary-2.9.1-cp38-cp38-win_amd64.whl", hash = "sha256:988b47ac70d204aed01589ed342303da7c4d84b56c2f4c4b8b00deda123372bf"},
    {file = "psycopg2_binary-2.9.1-cp39-cp39-macosx_10_14_x86_64.macosx_10_9_intel.macosx_10_9_x86_64.macosx_10_10_intel.macosx_10_10_x86_64.whl", hash = "sha256:7360647ea04db2e7dff1648d1da825c8cf68dc5fbd80b8fb5b3ee9f068dcd21a"},
    {file = "psycopg2_binary-2.9.1-cp39-cp39-manylinux_2_17_i686.manylinux2014_i686.whl", hash = "sha256:ca86db5b561b894f9e5f115d6a159fff2a2570a652e07889d8a383b5fae66eb4"},
    {file = "psycopg2_binary-2.9.1-cp39-cp39-manylinux_2_17_x86_64.manylinux2014_x86_64.whl", hash = "sha256:5ced67f1e34e1a450cdb48eb53ca73b60aa0af21c46b9b35ac3e581cf9f00e31"},
    {file = "psycopg2_binary-2.9.1-cp39-cp39-manylinux_2_24_aarch64.whl", hash = "sha256:0f2e04bd2a2ab54fa44ee67fe2d002bb90cee1c0f1cc0ebc3148af7b02034cbd"},
    {file = "psycopg2_binary-2.9.1-cp39-cp39-manylinux_2_24_ppc64le.whl", hash = "sha256:3242b9619de955ab44581a03a64bdd7d5e470cc4183e8fcadd85ab9d3756ce7a"},
    {file = "psycopg2_binary-2.9.1-cp39-cp39-win32.whl", hash = "sha256:0b7dae87f0b729922e06f85f667de7bf16455d411971b2043bbd9577af9d1975"},
    {file = "psycopg2_binary-2.9.1-cp39-cp39-win_amd64.whl", hash = "sha256:b4d7679a08fea64573c969f6994a2631908bb2c0e69a7235648642f3d2e39a68"},
]
python-dateutil = [
    {file = "python-dateutil-2.8.2.tar.gz", hash = "sha256:0123cacc1627ae19ddf3c27a5de5bd67ee4586fbdd6440d9748f8abb483d3e86"},
    {file = "python_dateutil-2.8.2-py2.py3-none-any.whl", hash = "sha256:961d03dc3453ebbc59dbdea9e4e11c5651520a876d0f4db161e8674aae935da9"},
]
python-docx = [
    {file = "python-docx-0.8.11.tar.gz", hash = "sha256:1105d233a0956dd8dd1e710d20b159e2d72ac3c301041b95f4d4ceb3e0ebebc4"},
]
python-memcached = [
    {file = "python-memcached-1.59.tar.gz", hash = "sha256:a2e28637be13ee0bf1a8b6843e7490f9456fd3f2a4cb60471733c7b5d5557e4f"},
    {file = "python_memcached-1.59-py2.py3-none-any.whl", hash = "sha256:4dac64916871bd3550263323fc2ce18e1e439080a2d5670c594cf3118d99b594"},
]
pytz = [
    {file = "pytz-2022.1-py2.py3-none-any.whl", hash = "sha256:e68985985296d9a66a881eb3193b0906246245294a881e7c8afe623866ac6a5c"},
    {file = "pytz-2022.1.tar.gz", hash = "sha256:1e760e2fe6a8163bc0b3d9a19c4f84342afa0a2affebfaa84b01b978a02ecaa7"},
]
requests = [
    {file = "requests-2.26.0-py2.py3-none-any.whl", hash = "sha256:6c1246513ecd5ecd4528a0906f910e8f0f9c6b8ec72030dc9fd154dc1a6efd24"},
    {file = "requests-2.26.0.tar.gz", hash = "sha256:b8aa58f8cf793ffd8782d3d8cb19e66ef36f7aba4353eec859e74678b01b07a7"},
]
six = [
    {file = "six-1.16.0-py2.py3-none-any.whl", hash = "sha256:8abb2f1d86890a2dfb989f9a77cfcfd3e47c2a354b01111771326f8aa26e0254"},
    {file = "six-1.16.0.tar.gz", hash = "sha256:1e61c37477a1626458e36f7b1d82aa5c9b094fa4802892072e49de9c60c4c926"},
]
sqlparse = [
    {file = "sqlparse-0.4.2-py3-none-any.whl", hash = "sha256:48719e356bb8b42991bdbb1e8b83223757b93789c00910a616a071910ca4a64d"},
    {file = "sqlparse-0.4.2.tar.gz", hash = "sha256:0c00730c74263a94e5a9919ade150dfc3b19c574389985446148402998287dae"},
]
typing-extensions = [
    {file = "typing_extensions-4.2.0-py3-none-any.whl", hash = "sha256:6657594ee297170d19f67d55c05852a874e7eb634f4f753dbd667855e07c1708"},
    {file = "typing_extensions-4.2.0.tar.gz", hash = "sha256:f1c24655a0da0d1b67f07e17a5e6b2a105894e6824b92096378bb3668ef02376"},
]
urllib3 = [
    {file = "urllib3-1.26.9-py2.py3-none-any.whl", hash = "sha256:44ece4d53fb1706f667c9bd1c648f5469a2ec925fcf3a776667042d645472c14"},
    {file = "urllib3-1.26.9.tar.gz", hash = "sha256:aabaf16477806a5e1dd19aa41f8c2b7950dd3c746362d7e3223dbe6de6ac448e"},
]
uwsgi = [
    {file = "uwsgi-2.0.20.tar.gz", hash = "sha256:88ab9867d8973d8ae84719cf233b7dafc54326fcaec89683c3f9f77c002cdff9"},
]
